
Microsoft Visual Studio Solution File, Format Version 12.00
# Visual Studio Version 17
VisualStudioVersion = 17.13.35931.197 d17.13
MinimumVisualStudioVersion = 10.0.40219.1
Project("{FAE04EC0-301F-11D3-BF4B-00C04F79EFBC}") = "20250909", "20250909\20250909.csproj", "{42E14200-FDF9-4F63-A24A-D16DE900D5A7}"
EndProject
Global
	GlobalSection(SolutionConfigurationPlatforms) = preSolution
		Debug|Any CPU = Debug|Any CPU
		Release|Any CPU = Release|Any CPU
	EndGlobalSection
	GlobalSection(ProjectConfigurationPlatforms) = postSolution
		{42E14200-FDF9-4F63-A24A-D16DE900D5A7}.Debug|Any CPU.ActiveCfg = Debug|Any CPU
		{42E14200-FDF9-4F63-A24A-D16DE900D5A7}.Debug|Any CPU.Build.0 = Debug|Any CPU
		{42E14200-FDF9-4F63-A24A-D16DE900D5A7}.Release|Any CPU.ActiveCfg = Release|Any CPU
		{42E14200-FDF9-4F63-A24A-D16DE900D5A7}.Release|Any CPU.Build.0 = Release|Any CPU
	EndGlobalSection
	GlobalSection(SolutionProperties) = preSolution
		HideSolutionNode = FALSE
	EndGlobalSection
	GlobalSection(ExtensibilityGlobals) = postSolution
		SolutionGuid = {BC3C720B-5671-4939-8833-BB84B9B8C64D}
	EndGlobalSection
EndGlobal
